{
    "_readme": [
        "This file locks the dependencies of your project to a known state",
        "Read more about it at https://getcomposer.org/doc/01-basic-usage.md#composer-lock-the-lock-file",
        "This file is @generated automatically"
    ],
    "content-hash": "e392bb4321bc605e85538ff9d33b2e9a",
    "packages": [
        {
            "name": "district5/fileupload",
            "version": "1.0.1",
            "source": {
                "type": "git",
                "url": "ssh://git@bitbucket.district5.co.uk/d5libs/fileupload.git",
                "reference": "7e8c60ac791b97bcd86395bd9760547d6b024fb3"
            },
            "require": {
                "php": ">=5.4.0"
            },
            "type": "library",
            "autoload": {
                "psr-4": {
                    "District5\\": "src/"
                }
            },
            "license": [
                "Proprietary"
            ],
            "authors": [
                {
                    "name": "Mark Morgan",
                    "email": "mark.morgan@district5.co.uk"
                }
            ],
            "description": "District5 File Uploads Library",
            "homepage": "https://bitbucket.district5.co.uk/projects/D5LIBS/repos/fileupload/browse",
            "keywords": [
                "district5",
                "php",
                "upload"
            ],
            "time": "2019-02-16T15:36:40+00:00"
        },
        {
            "name": "district5/filter",
            "version": "2.0.1",
            "source": {
                "type": "git",
                "url": "ssh://git@bitbucket.district5.co.uk/d5libs/filter.git",
                "reference": "d7f3edcc7da6d37c4a286b9de5405ac790f127f9"
            },
            "require": {
                "php": ">=5.4.0"
            },
            "type": "library",
            "autoload": {
                "psr-4": {
                    "District5\\": "src/"
                }
            },
            "license": [
                "Proprietary"
            ],
            "authors": [
                {
                    "name": "Mark Morgan",
                    "email": "mark.morgan@district5.co.uk"
                }
            ],
            "description": "District5 Filter Library",
            "homepage": "https://bitbucket.district5.co.uk/projects/D5LIBS/repos/filter/browse",
            "keywords": [
                "district5",
                "filter",
                "php"
            ],
            "time": "2018-05-26T09:52:04+00:00"
        },
        {
            "name": "district5/utility",
            "version": "1.0.0",
            "source": {
                "type": "git",
                "url": "ssh://git@bitbucket.district5.co.uk/d5libs/utility.git",
                "reference": "28bbe0385296ad7b7c84bbad0adf78aa1248880c"
            },
            "require": {
                "php": ">=5.4.0"
            },
            "type": "library",
            "autoload": {
                "psr-4": {
                    "District5\\": "src/"
                }
            },
            "license": [
                "Proprietary"
            ],
            "authors": [
                {
                    "name": "Mark Morgan",
                    "email": "mark.morgan@district5.co.uk"
                }
            ],
            "description": "District5 Utility Library",
            "homepage": "https://bitbucket.district5.co.uk/projects/D5LIBS/repos/utility/browse",
            "keywords": [
                "district5",
                "php",
                "utility"
            ],
            "time": "2018-05-26T10:24:25+00:00"
        },
        {
            "name": "district5/validator",
            "version": "1.0.3",
            "source": {
                "type": "git",
                "url": "ssh://git@bitbucket.district5.co.uk/d5libs/validator.git",
                "reference": "038c544537a7ddf0cd0b563879060cbcbc750392"
            },
            "require": {
                "php": ">=5.4.0"
            },
            "type": "library",
            "autoload": {
                "psr-4": {
                    "District5\\": "src/"
                }
            },
            "license": [
                "Proprietary"
            ],
            "authors": [
                {
                    "name": "Mark Morgan",
                    "email": "mark.morgan@district5.co.uk"
                }
            ],
            "description": "District5 Validator Library",
            "homepage": "https://bitbucket.district5.co.uk/projects/D5LIBS/repos/validator/browse",
            "keywords": [
                "district5",
                "php",
                "validator"
            ],
            "time": "2018-05-26T11:22:43+00:00"
        }
    ],
    "packages-dev": [],
    "aliases": [],
    "minimum-stability": "stable",
    "stability-flags": [],
    "prefer-stable": false,
    "prefer-lowest": false,
    "platform": {
        "php": ">=5.4.0"
    },
    "platform-dev": []
}
